
Microsoft Visual Studio Solution File, Format Version 12.00
Project("{2150E333-8FDC-42A3-9474-1A3956D46DE8}") = "Server", "Server", "{899F5CAB-28A1-437A-8CDF-D6021FC0361C}"
EndProject
Project("{FAE04EC0-301F-11D3-BF4B-00C04F79EFBC}") = "Entities", "Server\Entities\Entities.csproj", "{0A708A98-8EDC-431E-9E6A-D5A742895D7B}"
EndProject
Global
	GlobalSection(SolutionConfigurationPlatforms) = preSolution
		Debug|Any CPU = Debug|Any CPU
		Release|Any CPU = Release|Any CPU
	EndGlobalSection
	GlobalSection(NestedProjects) = preSolution
		{0A708A98-8EDC-431E-9E6A-D5A742895D7B} = {899F5CAB-28A1-437A-8CDF-D6021FC0361C}
	EndGlobalSection
	GlobalSection(ProjectConfigurationPlatforms) = postSolution
		{0A708A98-8EDC-431E-9E6A-D5A742895D7B}.Debug|Any CPU.ActiveCfg = Debug|Any CPU
		{0A708A98-8EDC-431E-9E6A-D5A742895D7B}.Debug|Any CPU.Build.0 = Debug|Any CPU
		{0A708A98-8EDC-431E-9E6A-D5A742895D7B}.Release|Any CPU.ActiveCfg = Release|Any CPU
		{0A708A98-8EDC-431E-9E6A-D5A742895D7B}.Release|Any CPU.Build.0 = Release|Any CPU
	EndGlobalSection
EndGlobal
