
Microsoft Visual Studio Solution File, Format Version 12.00
Project("{2150E333-8FDC-42A3-9474-1A3956D46DE8}") = "Server", "Server", "{899F5CAB-28A1-437A-8CDF-D6021FC0361C}"
EndProject
Project("{FAE04EC0-301F-11D3-BF4B-00C04F79EFBC}") = "Entities", "Server\Entities\Entities.csproj", "{0A708A98-8EDC-431E-9E6A-D5A742895D7B}"
EndProject
Project("{FAE04EC0-301F-11D3-BF4B-00C04F79EFBC}") = "RepositoryContracts", "Server\RepositoryContracts\RepositoryContracts.csproj", "{524956A4-829E-4F57-86FB-CA01A002E8D6}"
EndProject
Project("{FAE04EC0-301F-11D3-BF4B-00C04F79EFBC}") = "InMemoryRepositories", "Server\InMemoryRepositories\InMemoryRepositories.csproj", "{1B0B98D2-C387-4541-984F-64AB0ADBC5F7}"
EndProject
Project("{FAE04EC0-301F-11D3-BF4B-00C04F79EFBC}") = "CLI", "Server\CLI\CLI.csproj", "{DD0D2119-CA70-4959-AD48-0D82578F2021}"
EndProject
Project("{FAE04EC0-301F-11D3-BF4B-00C04F79EFBC}") = "FileRepositories", "Server\FileRepositories\FileRepositories.csproj", "{1448CC28-FA86-4CE8-BE92-F0716B96BB57}"
EndProject
Project("{2150E333-8FDC-42A3-9474-1A3956D46DE8}") = "Shared", "Shared", "{AB382D7C-C5AA-4D5A-8B7B-BE28404770BC}"
EndProject
Project("{FAE04EC0-301F-11D3-BF4B-00C04F79EFBC}") = "DTOs", "Shared\DTOs\DTOs.csproj", "{6769BE4A-F7D4-4F64-B835-E61765731894}"
EndProject
Project("{FAE04EC0-301F-11D3-BF4B-00C04F79EFBC}") = "WebAPI", "Server\WebAPI\WebAPI.csproj", "{24A847BB-CD43-4DB8-A1B8-D4759B68F185}"
EndProject
Global
	GlobalSection(SolutionConfigurationPlatforms) = preSolution
		Debug|Any CPU = Debug|Any CPU
		Release|Any CPU = Release|Any CPU
	EndGlobalSection
	GlobalSection(NestedProjects) = preSolution
		{0A708A98-8EDC-431E-9E6A-D5A742895D7B} = {899F5CAB-28A1-437A-8CDF-D6021FC0361C}
		{524956A4-829E-4F57-86FB-CA01A002E8D6} = {899F5CAB-28A1-437A-8CDF-D6021FC0361C}
		{1B0B98D2-C387-4541-984F-64AB0ADBC5F7} = {899F5CAB-28A1-437A-8CDF-D6021FC0361C}
		{DD0D2119-CA70-4959-AD48-0D82578F2021} = {899F5CAB-28A1-437A-8CDF-D6021FC0361C}
		{1448CC28-FA86-4CE8-BE92-F0716B96BB57} = {899F5CAB-28A1-437A-8CDF-D6021FC0361C}
		{6769BE4A-F7D4-4F64-B835-E61765731894} = {AB382D7C-C5AA-4D5A-8B7B-BE28404770BC}
		{24A847BB-CD43-4DB8-A1B8-D4759B68F185} = {899F5CAB-28A1-437A-8CDF-D6021FC0361C}
	EndGlobalSection
	GlobalSection(ProjectConfigurationPlatforms) = postSolution
		{0A708A98-8EDC-431E-9E6A-D5A742895D7B}.Debug|Any CPU.ActiveCfg = Debug|Any CPU
		{0A708A98-8EDC-431E-9E6A-D5A742895D7B}.Debug|Any CPU.Build.0 = Debug|Any CPU
		{0A708A98-8EDC-431E-9E6A-D5A742895D7B}.Release|Any CPU.ActiveCfg = Release|Any CPU
		{0A708A98-8EDC-431E-9E6A-D5A742895D7B}.Release|Any CPU.Build.0 = Release|Any CPU
		{524956A4-829E-4F57-86FB-CA01A002E8D6}.Debug|Any CPU.ActiveCfg = Debug|Any CPU
		{524956A4-829E-4F57-86FB-CA01A002E8D6}.Debug|Any CPU.Build.0 = Debug|Any CPU
		{524956A4-829E-4F57-86FB-CA01A002E8D6}.Release|Any CPU.ActiveCfg = Release|Any CPU
		{524956A4-829E-4F57-86FB-CA01A002E8D6}.Release|Any CPU.Build.0 = Release|Any CPU
		{1B0B98D2-C387-4541-984F-64AB0ADBC5F7}.Debug|Any CPU.ActiveCfg = Debug|Any CPU
		{1B0B98D2-C387-4541-984F-64AB0ADBC5F7}.Debug|Any CPU.Build.0 = Debug|Any CPU
		{1B0B98D2-C387-4541-984F-64AB0ADBC5F7}.Release|Any CPU.ActiveCfg = Release|Any CPU
		{1B0B98D2-C387-4541-984F-64AB0ADBC5F7}.Release|Any CPU.Build.0 = Release|Any CPU
		{DD0D2119-CA70-4959-AD48-0D82578F2021}.Debug|Any CPU.ActiveCfg = Debug|Any CPU
		{DD0D2119-CA70-4959-AD48-0D82578F2021}.Debug|Any CPU.Build.0 = Debug|Any CPU
		{DD0D2119-CA70-4959-AD48-0D82578F2021}.Release|Any CPU.ActiveCfg = Release|Any CPU
		{DD0D2119-CA70-4959-AD48-0D82578F2021}.Release|Any CPU.Build.0 = Release|Any CPU
		{1448CC28-FA86-4CE8-BE92-F0716B96BB57}.Debug|Any CPU.ActiveCfg = Debug|Any CPU
		{1448CC28-FA86-4CE8-BE92-F0716B96BB57}.Debug|Any CPU.Build.0 = Debug|Any CPU
		{1448CC28-FA86-4CE8-BE92-F0716B96BB57}.Release|Any CPU.ActiveCfg = Release|Any CPU
		{1448CC28-FA86-4CE8-BE92-F0716B96BB57}.Release|Any CPU.Build.0 = Release|Any CPU
		{6769BE4A-F7D4-4F64-B835-E61765731894}.Debug|Any CPU.ActiveCfg = Debug|Any CPU
		{6769BE4A-F7D4-4F64-B835-E61765731894}.Debug|Any CPU.Build.0 = Debug|Any CPU
		{6769BE4A-F7D4-4F64-B835-E61765731894}.Release|Any CPU.ActiveCfg = Release|Any CPU
		{6769BE4A-F7D4-4F64-B835-E61765731894}.Release|Any CPU.Build.0 = Release|Any CPU
		{24A847BB-CD43-4DB8-A1B8-D4759B68F185}.Debug|Any CPU.ActiveCfg = Debug|Any CPU
		{24A847BB-CD43-4DB8-A1B8-D4759B68F185}.Debug|Any CPU.Build.0 = Debug|Any CPU
		{24A847BB-CD43-4DB8-A1B8-D4759B68F185}.Release|Any CPU.ActiveCfg = Release|Any CPU
		{24A847BB-CD43-4DB8-A1B8-D4759B68F185}.Release|Any CPU.Build.0 = Release|Any CPU
	EndGlobalSection
EndGlobal
